{
  "nodes": {
    "fprint": {
      "inputs": {
        "nixpkgs": [
          "nixpkgs"
        ],
        "qmk": [
          "qmk"
        ]
      },
      "locked": {
        "path": "./fprint/",
        "type": "path"
      },
      "original": {
        "path": "./fprint/",
        "type": "path"
      },
      "parent": []
    },
    "nixpkgs": {
      "locked": {
        "lastModified": 1782723713,
        "narHash": "sha256-T6OhkwGyyGHer1lr4GkbOp//7ii23xLE7HuMmjrdkXI=",
        "rev": "b5aa0fbd538984f6e3d201be0005b4463d8b09f8",
        "type": "tarball",
        "url": "https://releases.nixos.org/nixos/unstable/nixos-26.11pre1024265.b5aa0fbd5389/nixexprs.tar.xz"
      },
      "original": {
        "id": "nixpkgs",
        "ref": "nixos-unstable",
        "type": "indirect"
      }
    },
    "qmk": {
      "flake": false,
      "locked": {
        "lastModified": 1782480010,
        "narHash": "sha256-i2dLCDqYCXRMec/VsCUUGDjx2E/16ywuWU/FBfn9hqc=",
        "ref": "refs/heads/master",
        "rev": "b1093e9da5f27253f3db692352daf5cf4ad5b98d",
        "revCount": 29562,
        "submodules": true,
        "type": "git",
        "url": "https://github.com/qmk/qmk_firmware"
      },
      "original": {
        "submodules": true,
        "type": "git",
        "url": "https://github.com/qmk/qmk_firmware"
      }
    },
    "root": {
      "inputs": {
        "fprint": "fprint",
        "nixpkgs": "nixpkgs",
        "qmk": "qmk"
      }
    }
  },
  "root": "root",
  "version": 7
}
